
Microsoft Visual Studio Solution File, Format Version 12.00
# Visual Studio Version 17
VisualStudioVersion = 17.0.31903.59
MinimumVisualStudioVersion = 10.0.40219.1
Project("{2150E333-8FDC-42A3-9474-1A3956D46DE8}") = "src", "src", "{E8E55EE4-A250-48AB-8DC2-6AA36E81FC10}"
EndProject
Project("{FAE04EC0-301F-11D3-BF4B-00C04F79EFBC}") = "Forge.Cli", "src\Forge.Cli\Forge.Cli.csproj", "{0980E227-949E-4F90-90A4-294B23D21B94}"
EndProject
Global
	GlobalSection(SolutionConfigurationPlatforms) = preSolution
		Debug|Any CPU = Debug|Any CPU
		Release|Any CPU = Release|Any CPU
	EndGlobalSection
	GlobalSection(SolutionProperties) = preSolution
		HideSolutionNode = FALSE
	EndGlobalSection
	GlobalSection(NestedProjects) = preSolution
		{0980E227-949E-4F90-90A4-294B23D21B94} = {E8E55EE4-A250-48AB-8DC2-6AA36E81FC10}
	EndGlobalSection
	GlobalSection(ProjectConfigurationPlatforms) = postSolution
		{0980E227-949E-4F90-90A4-294B23D21B94}.Debug|Any CPU.ActiveCfg = Debug|Any CPU
		{0980E227-949E-4F90-90A4-294B23D21B94}.Debug|Any CPU.Build.0 = Debug|Any CPU
		{0980E227-949E-4F90-90A4-294B23D21B94}.Release|Any CPU.ActiveCfg = Release|Any CPU
		{0980E227-949E-4F90-90A4-294B23D21B94}.Release|Any CPU.Build.0 = Release|Any CPU
	EndGlobalSection
EndGlobal
